{
  "nodes": {
    "nixpkgs": {
      "locked": {
        "lastModified": 1787456760,
        "narHash": "sha256-Jtq8wBknw0ZrRZ5D/uJOCvf6DhftIDnzG+5ZuhLDoWk=",
        "ref": "main",
        "rev": "44df1d2ff87cf7a0ce1c4a1db6bf58b4c6dfdb67",
        "shallow": true,
        "type": "git",
        "url": "https://github.com/mulatta/nixpkgs"
      },
      "original": {
        "ref": "main",
        "shallow": true,
        "type": "git",
        "url": "https://github.com/mulatta/nixpkgs"
      }
    },
    "qmk-nix": {
      "inputs": {
        "nixpkgs": [
          "nixpkgs"
        ]
      },
      "locked": {
        "lastModified": 1787565063,
        "narHash": "sha256-dXJcPoms68y/g+QBzihxiPQE6PZiYDPIu84smf0VV7Q=",
        "owner": "mulatta",
        "repo": "qmk-nix",
        "rev": "eb6e5a22f61f1ca01152fa3fcb62a190ef5ba740",
        "type": "github"
      },
      "original": {
        "owner": "mulatta",
        "repo": "qmk-nix",
        "type": "github"
      }
    },
    "root": {
      "inputs": {
        "nixpkgs": "nixpkgs",
        "qmk-nix": "qmk-nix",
        "treefmt-nix": "treefmt-nix"
      }
    },
    "treefmt-nix": {
      "inputs": {
        "nixpkgs": [
          "nixpkgs"
        ]
      },
      "locked": {
        "lastModified": 1786901030,
        "narHash": "sha256-WSFCsDSE5ffgD2MqzkM2CYjeFiKhRF/dJUN8uedb6YE=",
        "owner": "numtide",
        "repo": "treefmt-nix",
        "rev": "27b3b12a8e6375f28ebe122f07d230ca5459bbfa",
        "type": "github"
      },
      "original": {
        "owner": "numtide",
        "repo": "treefmt-nix",
        "type": "github"
      }
    }
  },
  "root": "root",
  "version": 7
}
